
Microsoft Visual Studio Solution File, Format Version 12.00
# Visual Studio 2012
Project("{FAE04EC0-301F-11D3-BF4B-00C04F79EFBC}") = "WebApplication1", "WebApplication1\WebApplication1.csproj", "{9470A68B-1751-4F9A-BF39-E024165E7991}"
EndProject
Project("{FAE04EC0-301F-11D3-BF4B-00C04F79EFBC}") = "Comun", "Comun\Comun.csproj", "{D154C237-608B-48B8-9000-BB8613FC8273}"
EndProject
Project("{FAE04EC0-301F-11D3-BF4B-00C04F79EFBC}") = "Datos", "Datos\Datos.csproj", "{8DB30713-4644-4AA7-9828-5C0D353ED160}"
EndProject
Project("{FAE04EC0-301F-11D3-BF4B-00C04F79EFBC}") = "Negocio", "Negocio\Negocio.csproj", "{EBA8948E-9619-4F03-A1C2-B96DF7CB1C3F}"
EndProject
Global
	GlobalSection(SolutionConfigurationPlatforms) = preSolution
		Debug|Any CPU = Debug|Any CPU
		Release|Any CPU = Release|Any CPU
	EndGlobalSection
	GlobalSection(ProjectConfigurationPlatforms) = postSolution
		{9470A68B-1751-4F9A-BF39-E024165E7991}.Debug|Any CPU.ActiveCfg = Debug|Any CPU
		{9470A68B-1751-4F9A-BF39-E024165E7991}.Debug|Any CPU.Build.0 = Debug|Any CPU
		{9470A68B-1751-4F9A-BF39-E024165E7991}.Release|Any CPU.ActiveCfg = Release|Any CPU
		{9470A68B-1751-4F9A-BF39-E024165E7991}.Release|Any CPU.Build.0 = Release|Any CPU
		{D154C237-608B-48B8-9000-BB8613FC8273}.Debug|Any CPU.ActiveCfg = Debug|Any CPU
		{D154C237-608B-48B8-9000-BB8613FC8273}.Debug|Any CPU.Build.0 = Debug|Any CPU
		{D154C237-608B-48B8-9000-BB8613FC8273}.Release|Any CPU.ActiveCfg = Release|Any CPU
		{D154C237-608B-48B8-9000-BB8613FC8273}.Release|Any CPU.Build.0 = Release|Any CPU
		{8DB30713-4644-4AA7-9828-5C0D353ED160}.Debug|Any CPU.ActiveCfg = Debug|Any CPU
		{8DB30713-4644-4AA7-9828-5C0D353ED160}.Debug|Any CPU.Build.0 = Debug|Any CPU
		{8DB30713-4644-4AA7-9828-5C0D353ED160}.Release|Any CPU.ActiveCfg = Release|Any CPU
		{8DB30713-4644-4AA7-9828-5C0D353ED160}.Release|Any CPU.Build.0 = Release|Any CPU
		{EBA8948E-9619-4F03-A1C2-B96DF7CB1C3F}.Debug|Any CPU.ActiveCfg = Debug|Any CPU
		{EBA8948E-9619-4F03-A1C2-B96DF7CB1C3F}.Debug|Any CPU.Build.0 = Debug|Any CPU
		{EBA8948E-9619-4F03-A1C2-B96DF7CB1C3F}.Release|Any CPU.ActiveCfg = Release|Any CPU
		{EBA8948E-9619-4F03-A1C2-B96DF7CB1C3F}.Release|Any CPU.Build.0 = Release|Any CPU
	EndGlobalSection
	GlobalSection(SolutionProperties) = preSolution
		HideSolutionNode = FALSE
	EndGlobalSection
EndGlobal
